
Microsoft Visual Studio Solution File, Format Version 12.00
# Visual Studio Version 16
VisualStudioVersion = 16.0.31729.503
MinimumVisualStudioVersion = 10.0.40219.1
Project("{FAE04EC0-301F-11D3-BF4B-00C04F79EFBC}") = "OmaProjekti", "OmaProjekti\OmaProjekti.csproj", "{B2593597-72BE-4578-8B88-DD6088BCD48A}"
EndProject
Global
	GlobalSection(SolutionConfigurationPlatforms) = preSolution
		Debug|Any CPU = Debug|Any CPU
		Release|Any CPU = Release|Any CPU
	EndGlobalSection
	GlobalSection(ProjectConfigurationPlatforms) = postSolution
		{B2593597-72BE-4578-8B88-DD6088BCD48A}.Debug|Any CPU.ActiveCfg = Debug|Any CPU
		{B2593597-72BE-4578-8B88-DD6088BCD48A}.Debug|Any CPU.Build.0 = Debug|Any CPU
		{B2593597-72BE-4578-8B88-DD6088BCD48A}.Release|Any CPU.ActiveCfg = Release|Any CPU
		{B2593597-72BE-4578-8B88-DD6088BCD48A}.Release|Any CPU.Build.0 = Release|Any CPU
	EndGlobalSection
	GlobalSection(SolutionProperties) = preSolution
		HideSolutionNode = FALSE
	EndGlobalSection
	GlobalSection(ExtensibilityGlobals) = postSolution
		SolutionGuid = {7A91EED5-4FD2-4142-9905-6D457DA0F28C}
	EndGlobalSection
EndGlobal
